// !$*UTF8*$!
{
	archiveVersion = 1;
	classes = {
	};
	objectVersion = 46;
	objects = {

/* Begin PBXGroup section */
		EA7CD161156B0C82004AA187 = {
			isa = PBXGroup;
			children = (
			);
			sourceTree = "<group>";
		};
/* End PBXGroup section */

/* Begin PBXProject section */
		EA7CD163156B0C82004AA187 /* Project object */ = {
			isa = PBXProject;
			attributes = {
				LastUpgradeCheck = 0430;
			};
			buildConfigurationList = EA7CD166156B0C82004AA187 /* Build configuration list for PBXProject "Curves" */;
			compatibilityVersion = "Xcode 3.2";
			developmentRegion = English;
			hasScannedForEncodings = 0;
			knownRegions = (
				en,
			);
			mainGroup = EA7CD161156B0C82004AA187;
			projectDirPath = "";
			projectRoot = "";
			targets = (
			);
		};
/* End PBXProject section */

/* Begin XCBuildConfiguration section */
		EA7CD168156B0C82004AA187 /* Debug */ = {
			isa = XCBuildConfiguration;
			buildSettings = {
			};
			name = Debug;
		};
		EA7CD169156B0C82004AA187 /* Release */ = {
			isa = XCBuildConfiguration;
			buildSettings = {
			};
			name = Release;
		};
/* End XCBuildConfiguration section */

/* Begin XCConfigurationList section */
		EA7CD166156B0C82004AA187 /* Build configuration list for PBXProject "Curves" */ = {
			isa = XCConfigurationList;
			buildConfigurations = (
				EA7CD168156B0C82004AA187 /* Debug */,
				EA7CD169156B0C82004AA187 /* Release */,
			);
			defaultConfigurationIsVisible = 0;
			defaultConfigurationName = Release;
		};
/* End XCConfigurationList section */
	};
	rootObject = EA7CD163156B0C82004AA187 /* Project object */;
}
